
Microsoft Visual Studio Solution File, Format Version 12.00
# Visual Studio 15
VisualStudioVersion = 15.0.27130.2020
MinimumVisualStudioVersion = 10.0.40219.1
Project("{FAE04EC0-301F-11D3-BF4B-00C04F79EFBC}") = "MovieDirectorApp", "MovieDirectorApp\MovieDirectorApp.csproj", "{31F8DC25-D5CB-4E36-9349-948D5A6EA900}"
EndProject
Global
	GlobalSection(SolutionConfigurationPlatforms) = preSolution
		Debug|Any CPU = Debug|Any CPU
		Release|Any CPU = Release|Any CPU
	EndGlobalSection
	GlobalSection(ProjectConfigurationPlatforms) = postSolution
		{31F8DC25-D5CB-4E36-9349-948D5A6EA900}.Debug|Any CPU.ActiveCfg = Debug|Any CPU
		{31F8DC25-D5CB-4E36-9349-948D5A6EA900}.Debug|Any CPU.Build.0 = Debug|Any CPU
		{31F8DC25-D5CB-4E36-9349-948D5A6EA900}.Release|Any CPU.ActiveCfg = Release|Any CPU
		{31F8DC25-D5CB-4E36-9349-948D5A6EA900}.Release|Any CPU.Build.0 = Release|Any CPU
	EndGlobalSection
	GlobalSection(SolutionProperties) = preSolution
		HideSolutionNode = FALSE
	EndGlobalSection
	GlobalSection(ExtensibilityGlobals) = postSolution
		SolutionGuid = {FEB36053-D70C-46AA-991D-E4B37B3113C5}
	EndGlobalSection
EndGlobal
